
Microsoft Visual Studio Solution File, Format Version 12.00
# Visual Studio Version 16
VisualStudioVersion = 16.0.30611.23
MinimumVisualStudioVersion = 10.0.40219.1
Project("{FAE04EC0-301F-11D3-BF4B-00C04F79EFBC}") = "ScummTranslate", "ScummTranslate\ScummTranslate.csproj", "{7179A2CC-504B-4D54-9855-A7B672AAA20E}"
EndProject
Project("{FAE04EC0-301F-11D3-BF4B-00C04F79EFBC}") = "LanguageBundleBuilder", "LanguageBundleBuilder\LanguageBundleBuilder.csproj", "{3F7803CC-99F7-4BC3-857A-B2D554DA6299}"
EndProject
Global
	GlobalSection(SolutionConfigurationPlatforms) = preSolution
		Debug|Any CPU = Debug|Any CPU
		Release|Any CPU = Release|Any CPU
	EndGlobalSection
	GlobalSection(ProjectConfigurationPlatforms) = postSolution
		{7179A2CC-504B-4D54-9855-A7B672AAA20E}.Debug|Any CPU.ActiveCfg = Debug|Any CPU
		{7179A2CC-504B-4D54-9855-A7B672AAA20E}.Debug|Any CPU.Build.0 = Debug|Any CPU
		{7179A2CC-504B-4D54-9855-A7B672AAA20E}.Release|Any CPU.ActiveCfg = Release|Any CPU
		{7179A2CC-504B-4D54-9855-A7B672AAA20E}.Release|Any CPU.Build.0 = Release|Any CPU
		{3F7803CC-99F7-4BC3-857A-B2D554DA6299}.Debug|Any CPU.ActiveCfg = Debug|Any CPU
		{3F7803CC-99F7-4BC3-857A-B2D554DA6299}.Debug|Any CPU.Build.0 = Debug|Any CPU
		{3F7803CC-99F7-4BC3-857A-B2D554DA6299}.Release|Any CPU.ActiveCfg = Release|Any CPU
		{3F7803CC-99F7-4BC3-857A-B2D554DA6299}.Release|Any CPU.Build.0 = Release|Any CPU
	EndGlobalSection
	GlobalSection(SolutionProperties) = preSolution
		HideSolutionNode = FALSE
	EndGlobalSection
	GlobalSection(ExtensibilityGlobals) = postSolution
		SolutionGuid = {10AC62A4-F84D-46CF-B10C-84F08D01CE59}
	EndGlobalSection
EndGlobal
